<?xml version="1.0" encoding="utf-8"?>
<Project ToolsVersion="4.0" xmlns="http://schemas.microsoft.com/developer/msbuild/2003">
  <ItemGroup>
    <Filter Include="Resource Files">
      <UniqueIdentifier>{67DA6AB6-F800-4c08-8B7A-83BB121AAD01}</UniqueIdentifier>
      <Extensions>rc;ico;cur;bmp;dlg;rc2;rct;bin;rgs;gif;jpg;jpeg;jpe;resx;tiff;tif;png;wav;mfcribbon-ms</Extensions>
    </Filter>
    <Filter Include="Maths">
      <UniqueIdentifier>{df0494cb-daa2-4806-846a-d149bd6b01ff}</UniqueIdentifier>
    </Filter>
    <Filter Include="Derivatives">
      <UniqueIdentifier>{23c22c3f-a54a-4c08-bc7f-51174bc3df1a}</UniqueIdentifier>
    </Filter>
  </ItemGroup>
  <ItemGroup>
    <ClCompile Include="..\Maths\MathsTest.cpp">
      <Filter>Maths</Filter>
    </ClCompile>
    <ClCompile Include="..\Maths\TwoDimensionalInterpolationTest.cpp">
      <Filter>Maths</Filter>
    </ClCompile>
    <ClCompile Include="XLLBasicLibraryTest.cpp" />
    <ClCompile Include="..\Derivatives\Black76FormulaTest.cpp">
      <Filter>Derivatives</Filter>
    </ClCompile>
    <ClCompile Include="..\Derivatives\VolatilitySurfacesDeltaTest.cpp">
      <Filter>Derivatives</Filter>
    </ClCompile>
  </ItemGroup>
  <ItemGroup>
    <ClInclude Include="..\Maths\MathsTest.h">
      <Filter>Maths</Filter>
    </ClInclude>
    <ClInclude Include="..\Maths\TwoDimensionalInterpolationTest.h">
      <Filter>Maths</Filter>
    </ClInclude>
    <ClInclude Include="XLLBasicLibraryTest.h" />
    <ClInclude Include="..\Derivatives\Black76FormulaTest.h">
      <Filter>Derivatives</Filter>
    </ClInclude>
    <ClInclude Include="..\Derivatives\VolatilitySurfacesDeltaTest.h">
      <Filter>Derivatives</Filter>
    </ClInclude>
  </ItemGroup>
</Project>